
Microsoft Visual Studio Solution File, Format Version 12.00
# Visual Studio Version 17
VisualStudioVersion = 17.6.33829.357
MinimumVisualStudioVersion = 10.0.40219.1
Project("{9A19103F-16F7-4668-BE54-9A1E7A4F7556}") = "InterviewAssignment", "InterviewAssignment\InterviewAssignment.csproj", "{2969A2F3-1988-4D1B-823E-4F6BF0CADD5C}"
EndProject
Project("{FAE04EC0-301F-11D3-BF4B-00C04F79EFBC}") = "InterviewAssignment.Unit.Tests", "InterviewAssignment.Unit.Tests\InterviewAssignment.Unit.Tests.csproj", "{FD43C7EC-D457-412D-B49C-5FAF4AD4D926}"
EndProject
Global
	GlobalSection(SolutionConfigurationPlatforms) = preSolution
		Debug|Any CPU = Debug|Any CPU
		Release|Any CPU = Release|Any CPU
	EndGlobalSection
	GlobalSection(ProjectConfigurationPlatforms) = postSolution
		{2969A2F3-1988-4D1B-823E-4F6BF0CADD5C}.Debug|Any CPU.ActiveCfg = Debug|Any CPU
		{2969A2F3-1988-4D1B-823E-4F6BF0CADD5C}.Debug|Any CPU.Build.0 = Debug|Any CPU
		{2969A2F3-1988-4D1B-823E-4F6BF0CADD5C}.Release|Any CPU.ActiveCfg = Release|Any CPU
		{2969A2F3-1988-4D1B-823E-4F6BF0CADD5C}.Release|Any CPU.Build.0 = Release|Any CPU
		{FD43C7EC-D457-412D-B49C-5FAF4AD4D926}.Debug|Any CPU.ActiveCfg = Debug|Any CPU
		{FD43C7EC-D457-412D-B49C-5FAF4AD4D926}.Debug|Any CPU.Build.0 = Debug|Any CPU
		{FD43C7EC-D457-412D-B49C-5FAF4AD4D926}.Release|Any CPU.ActiveCfg = Release|Any CPU
		{FD43C7EC-D457-412D-B49C-5FAF4AD4D926}.Release|Any CPU.Build.0 = Release|Any CPU
	EndGlobalSection
	GlobalSection(SolutionProperties) = preSolution
		HideSolutionNode = FALSE
	EndGlobalSection
	GlobalSection(ExtensibilityGlobals) = postSolution
		SolutionGuid = {2F06E5C6-617E-4705-87C2-22741495BCC1}
	EndGlobalSection
EndGlobal
